
Microsoft Visual Studio Solution File, Format Version 12.00
# Visual Studio 15
VisualStudioVersion = 15.0.28010.2016
MinimumVisualStudioVersion = 10.0.40219.1
Project("{FAE04EC0-301F-11D3-BF4B-00C04F79EFBC}") = "ConsoleApp1", "ConsoleApp1\ConsoleApp1.csproj", "{939A0140-E6EE-4A10-83CA-E6FFCDD87E26}"
EndProject
Global
	GlobalSection(SolutionConfigurationPlatforms) = preSolution
		Debug|Any CPU = Debug|Any CPU
		Release|Any CPU = Release|Any CPU
	EndGlobalSection
	GlobalSection(ProjectConfigurationPlatforms) = postSolution
		{939A0140-E6EE-4A10-83CA-E6FFCDD87E26}.Debug|Any CPU.ActiveCfg = Debug|Any CPU
		{939A0140-E6EE-4A10-83CA-E6FFCDD87E26}.Debug|Any CPU.Build.0 = Debug|Any CPU
		{939A0140-E6EE-4A10-83CA-E6FFCDD87E26}.Release|Any CPU.ActiveCfg = Release|Any CPU
		{939A0140-E6EE-4A10-83CA-E6FFCDD87E26}.Release|Any CPU.Build.0 = Release|Any CPU
	EndGlobalSection
	GlobalSection(SolutionProperties) = preSolution
		HideSolutionNode = FALSE
	EndGlobalSection
	GlobalSection(ExtensibilityGlobals) = postSolution
		SolutionGuid = {5BA357E7-DC64-483C-B6CC-A6C3BF542C50}
	EndGlobalSection
EndGlobal
